// !$*UTF8*$!
{
	archiveVersion = 1;
	classes = {
	};
	objectVersion = 46;
	objects = {

/* Begin PBXBuildFile section */
		48190C9116FA6E2D003BC4E4 /* wire.png in Resources */ = {isa = PBXBuildFile; fileRef = 48190C8D16FA6E2D003BC4E4 /* wire.png */; };
		4824E22D1703D0A7004DA6D4 /* DLLTest.m in Sources */ = {isa = PBXBuildFile; fileRef = 4824E22B1703D0A7004DA6D4 /* DLLTest.m */; };
		4836742416CC56AC008B87E6 /* Lab1.pdf in Resources */ = {isa = PBXBuildFile; fileRef = 4836741E16CC56AC008B87E6 /* Lab1.pdf */; };
		4836742516CC56AC008B87E6 /* Lab2.pdf in Resources */ = {isa = PBXBuildFile; fileRef = 4836741F16CC56AC008B87E6 /* Lab2.pdf */; };
		4836742616CC56AC008B87E6 /* Lab3.pdf in Resources */ = {isa = PBXBuildFile; fileRef = 4836742016CC56AC008B87E6 /* Lab3.pdf */; };
		4836742716CC56AC008B87E6 /* Lab4.pdf in Resources */ = {isa = PBXBuildFile; fileRef = 4836742116CC56AC008B87E6 /* Lab4.pdf */; };
		4836742816CC56AC008B87E6 /* Lab5.pdf in Resources */ = {isa = PBXBuildFile; fileRef = 4836742216CC56AC008B87E6 /* Lab5.pdf */; };
		4836742916CC56AC008B87E6 /* Lab6.pdf in Resources */ = {isa = PBXBuildFile; fileRef = 4836742316CC56AC008B87E6 /* Lab6.pdf */; };
		486B08E316D5948300F0E4B8 /* DLLSplitViewController.m in Sources */ = {isa = PBXBuildFile; fileRef = 486B08E216D5948300F0E4B8 /* DLLSplitViewController.m */; };
		4879503516CC6ED000D6DEFD /* DLLLabTableViewController.m in Sources */ = {isa = PBXBuildFile; fileRef = 4879503416CC6ED000D6DEFD /* DLLLabTableViewController.m */; };
		4879503816CC6F2C00D6DEFD /* DLLPDFViewController.m in Sources */ = {isa = PBXBuildFile; fileRef = 4879503716CC6F2C00D6DEFD /* DLLPDFViewController.m */; };
		CF0D2DAC16BAE12E00753DF9 /* DLLContainerViewController.m in Sources */ = {isa = PBXBuildFile; fileRef = CF0D2DAB16BAE12E00753DF9 /* DLLContainerViewController.m */; };
		CF0D2DB016BAE20600753DF9 /* DLLDockViewController.m in Sources */ = {isa = PBXBuildFile; fileRef = CF0D2DAF16BAE20600753DF9 /* DLLDockViewController.m */; };
		CF0D2DB416BAE2FB00753DF9 /* DLLBoardViewController.m in Sources */ = {isa = PBXBuildFile; fileRef = CF0D2DB316BAE2FB00753DF9 /* DLLBoardViewController.m */; };
		CF14819B1703AC23001DDD08 /* 200px-AND_ANSI.png in Resources */ = {isa = PBXBuildFile; fileRef = CF1481971703AC23001DDD08 /* 200px-AND_ANSI.png */; };
		CF14819C1703AC23001DDD08 /* board-new-resized.png in Resources */ = {isa = PBXBuildFile; fileRef = CF1481981703AC23001DDD08 /* board-new-resized.png */; };
		CF14819D1703AC23001DDD08 /* chip-14-gray.png in Resources */ = {isa = PBXBuildFile; fileRef = CF1481991703AC23001DDD08 /* chip-14-gray.png */; };
		CF14819E1703AC23001DDD08 /* chip-16-gray.png in Resources */ = {isa = PBXBuildFile; fileRef = CF14819A1703AC23001DDD08 /* chip-16-gray.png */; };
		CF35B6FE16C5902500D6358E /* placeholder.png in Resources */ = {isa = PBXBuildFile; fileRef = CF35B6FD16C5902500D6358E /* placeholder.png */; };
		CF45B2561703B18B002A9658 /* DLLTestViewController.m in Sources */ = {isa = PBXBuildFile; fileRef = CF45B2551703B18B002A9658 /* DLLTestViewController.m */; };
		CF45B2591703BB95002A9658 /* DLLSwitch.m in Sources */ = {isa = PBXBuildFile; fileRef = CF45B2581703BB95002A9658 /* DLLSwitch.m */; };
		CF45B25C1703BBBD002A9658 /* DLLSevenSegmentView.m in Sources */ = {isa = PBXBuildFile; fileRef = CF45B25B1703BBBD002A9658 /* DLLSevenSegmentView.m */; };
		CF45B2621703BCB2002A9658 /* DLLLightView.m in Sources */ = {isa = PBXBuildFile; fileRef = CF45B2611703BCB2002A9658 /* DLLLightView.m */; };
		CF55D8EB16CF009700D8949B /* DLLAComponent.m in Sources */ = {isa = PBXBuildFile; fileRef = CF55D8EA16CF009700D8949B /* DLLAComponent.m */; };
		CF55D8EE16CF055D00D8949B /* DLLChip.m in Sources */ = {isa = PBXBuildFile; fileRef = CF55D8ED16CF055D00D8949B /* DLLChip.m */; };
		CF8E9709170659E600BFE5FB /* Dock.png in Resources */ = {isa = PBXBuildFile; fileRef = CF8E9708170659E600BFE5FB /* Dock.png */; };
		CF9CC50516BB07A30068A17D /* DLLDockViewCell.m in Sources */ = {isa = PBXBuildFile; fileRef = CF9CC50416BB07A30068A17D /* DLLDockViewCell.m */; };
		CF9CC50816BB08A20068A17D /* DLLDockViewLayout.m in Sources */ = {isa = PBXBuildFile; fileRef = CF9CC50716BB08A20068A17D /* DLLDockViewLayout.m */; };
		CF9CC50A16BB08EA0068A17D /* QuartzCore.framework in Frameworks */ = {isa = PBXBuildFile; fileRef = CF9CC50916BB08EA0068A17D /* QuartzCore.framework */; };
		CFB535B316E53E1D000DC011 /* DLLAComponentView.m in Sources */ = {isa = PBXBuildFile; fileRef = CFB535B216E53E1D000DC011 /* DLLAComponentView.m */; };
		CFB535B616E53E4A000DC011 /* DLLChipView.m in Sources */ = {isa = PBXBuildFile; fileRef = CFB535B516E53E4A000DC011 /* DLLChipView.m */; };
		CFB535B916E5407F000DC011 /* DLLWireView.m in Sources */ = {isa = PBXBuildFile; fileRef = CFB535B816E5407F000DC011 /* DLLWireView.m */; };
		CFDBF6D216B0C199009C3DA4 /* UIKit.framework in Frameworks */ = {isa = PBXBuildFile; fileRef = CFDBF6D116B0C199009C3DA4 /* UIKit.framework */; };
		CFDBF6D416B0C199009C3DA4 /* Foundation.framework in Frameworks */ = {isa = PBXBuildFile; fileRef = CFDBF6D316B0C199009C3DA4 /* Foundation.framework */; };
		CFDBF6D616B0C199009C3DA4 /* CoreGraphics.framework in Frameworks */ = {isa = PBXBuildFile; fileRef = CFDBF6D516B0C199009C3DA4 /* CoreGraphics.framework */; };
		CFDBF6DC16B0C199009C3DA4 /* InfoPlist.strings in Resources */ = {isa = PBXBuildFile; fileRef = CFDBF6DA16B0C199009C3DA4 /* InfoPlist.strings */; };
		CFDBF6DE16B0C199009C3DA4 /* main.m in Sources */ = {isa = PBXBuildFile; fileRef = CFDBF6DD16B0C199009C3DA4 /* main.m */; };
		CFDBF6E216B0C19A009C3DA4 /* DLLAppDelegate.m in Sources */ = {isa = PBXBuildFile; fileRef = CFDBF6E116B0C19A009C3DA4 /* DLLAppDelegate.m */; };
		CFDBF6E416B0C19A009C3DA4 /* Default.png in Resources */ = {isa = PBXBuildFile; fileRef = CFDBF6E316B0C19A009C3DA4 /* Default.png */; };
		CFDBF6E616B0C19A009C3DA4 /* Default@2x.png in Resources */ = {isa = PBXBuildFile; fileRef = CFDBF6E516B0C19A009C3DA4 /* Default@2x.png */; };
		CFDBF6E816B0C19A009C3DA4 /* Default-568h@2x.png in Resources */ = {isa = PBXBuildFile; fileRef = CFDBF6E716B0C19A009C3DA4 /* Default-568h@2x.png */; };
		CFDBF6F616B0C19A009C3DA4 /* SenTestingKit.framework in Frameworks */ = {isa = PBXBuildFile; fileRef = CFDBF6F516B0C19A009C3DA4 /* SenTestingKit.framework */; };
		CFDBF6F716B0C19A009C3DA4 /* UIKit.framework in Frameworks */ = {isa = PBXBuildFile; fileRef = CFDBF6D116B0C199009C3DA4 /* UIKit.framework */; };
		CFDBF6F816B0C19A009C3DA4 /* Foundation.framework in Frameworks */ = {isa = PBXBuildFile; fileRef = CFDBF6D316B0C199009C3DA4 /* Foundation.framework */; };
		CFDBF70016B0C19A009C3DA4 /* InfoPlist.strings in Resources */ = {isa = PBXBuildFile; fileRef = CFDBF6FE16B0C19A009C3DA4 /* InfoPlist.strings */; };
		CFDBF70316B0C19A009C3DA4 /* Digital_Logic_LabsTests.m in Sources */ = {isa = PBXBuildFile; fileRef = CFDBF70216B0C19A009C3DA4 /* Digital_Logic_LabsTests.m */; };
		CFDBF70D16B0C1D9009C3DA4 /* MainStoryboard.storyboard in Resources */ = {isa = PBXBuildFile; fileRef = CFDBF70C16B0C1D9009C3DA4 /* MainStoryboard.storyboard */; };
		CFE0830316FA84A800E77C35 /* DLLWireDrawing.m in Sources */ = {isa = PBXBuildFile; fileRef = CFE0830216FA84A800E77C35 /* DLLWireDrawing.m */; };
		CFEE6720170CE38A0008870C /* test-light-dim.png in Resources */ = {isa = PBXBuildFile; fileRef = CFEE671D170CE38A0008870C /* test-light-dim.png */; };
		CFEE6721170CE38A0008870C /* test-light-off.png in Resources */ = {isa = PBXBuildFile; fileRef = CFEE671E170CE38A0008870C /* test-light-off.png */; };
		CFEE6722170CE38A0008870C /* test-light-on.png in Resources */ = {isa = PBXBuildFile; fileRef = CFEE671F170CE38A0008870C /* test-light-on.png */; };
		CFEE6725170CE43E0008870C /* test-switch-1.png in Resources */ = {isa = PBXBuildFile; fileRef = CFEE6723170CE43E0008870C /* test-switch-1.png */; };
		CFEE6726170CE43E0008870C /* test-switch-2.png in Resources */ = {isa = PBXBuildFile; fileRef = CFEE6724170CE43E0008870C /* test-switch-2.png */; };
		CFEE672F170CE6960008870C /* test-7-seg-display-1.png in Resources */ = {isa = PBXBuildFile; fileRef = CFEE6727170CE6960008870C /* test-7-seg-display-1.png */; };
		CFEE6730170CE6960008870C /* test-7-seg-display-2.png in Resources */ = {isa = PBXBuildFile; fileRef = CFEE6728170CE6960008870C /* test-7-seg-display-2.png */; };
		CFEE6731170CE6960008870C /* test-7-seg-display-3.png in Resources */ = {isa = PBXBuildFile; fileRef = CFEE6729170CE6960008870C /* test-7-seg-display-3.png */; };
		CFEE6732170CE6960008870C /* test-7-seg-display-4.png in Resources */ = {isa = PBXBuildFile; fileRef = CFEE672A170CE6960008870C /* test-7-seg-display-4.png */; };
		CFEE6733170CE6960008870C /* test-7-seg-display-5.png in Resources */ = {isa = PBXBuildFile; fileRef = CFEE672B170CE6960008870C /* test-7-seg-display-5.png */; };
		CFEE6734170CE6960008870C /* test-7-seg-display-6.png in Resources */ = {isa = PBXBuildFile; fileRef = CFEE672C170CE6960008870C /* test-7-seg-display-6.png */; };
		CFEE6735170CE6960008870C /* test-7-seg-display-7.png in Resources */ = {isa = PBXBuildFile; fileRef = CFEE672D170CE6960008870C /* test-7-seg-display-7.png */; };
		CFEE6736170CE6960008870C /* test-7-seg-display-overlay.png in Resources */ = {isa = PBXBuildFile; fileRef = CFEE672E170CE6960008870C /* test-7-seg-display-overlay.png */; };
		D86C198A16E5149100E4303B /* DLLPoint.m in Sources */ = {isa = PBXBuildFile; fileRef = D86C198916E5149100E4303B /* DLLPoint.m */; };
		D87DB90016F772E5000C6CE4 /* DLLWire.m in Sources */ = {isa = PBXBuildFile; fileRef = D87DB8FF16F772E5000C6CE4 /* DLLWire.m */; };
		D87DB90416F77434000C6CE4 /* DLL14PinDIP.m in Sources */ = {isa = PBXBuildFile; fileRef = D87DB90316F77434000C6CE4 /* DLL14PinDIP.m */; };
		D8AB957616C025B00074ABEB /* inventory.xml in Resources */ = {isa = PBXBuildFile; fileRef = D8AB957516C025B00074ABEB /* inventory.xml */; };
		D8AB957A16C027310074ABEB /* DLLBoard.m in Sources */ = {isa = PBXBuildFile; fileRef = D8AB957916C027310074ABEB /* DLLBoard.m */; };
		D8ACC6AF1709F322000EDDDD /* DLLElectricalPoint.m in Sources */ = {isa = PBXBuildFile; fileRef = D8ACC6AE1709F322000EDDDD /* DLLElectricalPoint.m */; };
		D8FE3C851703C36D003B25C2 /* 7400.png in Resources */ = {isa = PBXBuildFile; fileRef = D8FE3C771703C36D003B25C2 /* 7400.png */; };
		D8FE3C861703C36D003B25C2 /* 7402.png in Resources */ = {isa = PBXBuildFile; fileRef = D8FE3C781703C36D003B25C2 /* 7402.png */; };
		D8FE3C871703C36D003B25C2 /* 7404.png in Resources */ = {isa = PBXBuildFile; fileRef = D8FE3C791703C36D003B25C2 /* 7404.png */; };
		D8FE3C891703C36D003B25C2 /* 74176.png in Resources */ = {isa = PBXBuildFile; fileRef = D8FE3C7B1703C36D003B25C2 /* 74176.png */; };
		D8FE3C8A1703C36D003B25C2 /* 7408.png in Resources */ = {isa = PBXBuildFile; fileRef = D8FE3C7C1703C36D003B25C2 /* 7408.png */; };
		D8FE3C8B1703C36D003B25C2 /* 7486.png in Resources */ = {isa = PBXBuildFile; fileRef = D8FE3C7D1703C36D003B25C2 /* 7486.png */; };
		D8FE3C8C1703C36D003B25C2 /* 74164.png in Resources */ = {isa = PBXBuildFile; fileRef = D8FE3C7E1703C36D003B25C2 /* 74164.png */; };
		D8FE3C8D1703C36D003B25C2 /* 74177.png in Resources */ = {isa = PBXBuildFile; fileRef = D8FE3C7F1703C36D003B25C2 /* 74177.png */; };
		D8FE3C8E1703C36D003B25C2 /* 74181.png in Resources */ = {isa = PBXBuildFile; fileRef = D8FE3C801703C36D003B25C2 /* 74181.png */; };
		D8FE3C8F1703C36D003B25C2 /* 7432.png in Resources */ = {isa = PBXBuildFile; fileRef = D8FE3C811703C36D003B25C2 /* 7432.png */; };
		D8FE3C961703C770003B25C2 /* 7447.png in Resources */ = {isa = PBXBuildFile; fileRef = D8FE3C921703C76F003B25C2 /* 7447.png */; };
		D8FE3C971703C770003B25C2 /* 7476.png in Resources */ = {isa = PBXBuildFile; fileRef = D8FE3C931703C76F003B25C2 /* 7476.png */; };
		D8FE3C981703C770003B25C2 /* 7485.png in Resources */ = {isa = PBXBuildFile; fileRef = D8FE3C941703C76F003B25C2 /* 7485.png */; };
		D8FE3C991703C770003B25C2 /* 74151.png in Resources */ = {isa = PBXBuildFile; fileRef = D8FE3C951703C76F003B25C2 /* 74151.png */; };
/* End PBXBuildFile section */

/* Begin PBXContainerItemProxy section */
		CFDBF6F916B0C19A009C3DA4 /* PBXContainerItemProxy */ = {
			isa = PBXContainerItemProxy;
			containerPortal = CFDBF6C416B0C199009C3DA4 /* Project object */;
			proxyType = 1;
			remoteGlobalIDString = CFDBF6CC16B0C199009C3DA4;
			remoteInfo = "Digital Logic Labs";
		};
/* End PBXContainerItemProxy section */

/* Begin PBXFileReference section */
		48190C8D16FA6E2D003BC4E4 /* wire.png */ = {isa = PBXFileReference; lastKnownFileType = image.png; name = wire.png; path = "Chip and Breadboard Images/wire.png"; sourceTree = "<group>"; };
		4824E22A1703D0A7004DA6D4 /* DLLTest.h */ = {isa = PBXFileReference; fileEncoding = 4; lastKnownFileType = sourcecode.c.h; path = DLLTest.h; sourceTree = "<group>"; };
		4824E22B1703D0A7004DA6D4 /* DLLTest.m */ = {isa = PBXFileReference; fileEncoding = 4; lastKnownFileType = sourcecode.c.objc; path = DLLTest.m; sourceTree = "<group>"; };
		4836741E16CC56AC008B87E6 /* Lab1.pdf */ = {isa = PBXFileReference; lastKnownFileType = image.pdf; name = Lab1.pdf; path = LabPdfs/Lab1.pdf; sourceTree = "<group>"; };
		4836741F16CC56AC008B87E6 /* Lab2.pdf */ = {isa = PBXFileReference; lastKnownFileType = image.pdf; name = Lab2.pdf; path = LabPdfs/Lab2.pdf; sourceTree = "<group>"; };
		4836742016CC56AC008B87E6 /* Lab3.pdf */ = {isa = PBXFileReference; lastKnownFileType = image.pdf; name = Lab3.pdf; path = LabPdfs/Lab3.pdf; sourceTree = "<group>"; };
		4836742116CC56AC008B87E6 /* Lab4.pdf */ = {isa = PBXFileReference; lastKnownFileType = image.pdf; name = Lab4.pdf; path = LabPdfs/Lab4.pdf; sourceTree = "<group>"; };
		4836742216CC56AC008B87E6 /* Lab5.pdf */ = {isa = PBXFileReference; lastKnownFileType = image.pdf; name = Lab5.pdf; path = LabPdfs/Lab5.pdf; sourceTree = "<group>"; };
		4836742316CC56AC008B87E6 /* Lab6.pdf */ = {isa = PBXFileReference; lastKnownFileType = image.pdf; name = Lab6.pdf; path = LabPdfs/Lab6.pdf; sourceTree = "<group>"; };
		486B08E116D5948300F0E4B8 /* DLLSplitViewController.h */ = {isa = PBXFileReference; fileEncoding = 4; lastKnownFileType = sourcecode.c.h; path = DLLSplitViewController.h; sourceTree = "<group>"; };
		486B08E216D5948300F0E4B8 /* DLLSplitViewController.m */ = {isa = PBXFileReference; fileEncoding = 4; lastKnownFileType = sourcecode.c.objc; path = DLLSplitViewController.m; sourceTree = "<group>"; };
		4879503316CC6ED000D6DEFD /* DLLLabTableViewController.h */ = {isa = PBXFileReference; fileEncoding = 4; lastKnownFileType = sourcecode.c.h; path = DLLLabTableViewController.h; sourceTree = "<group>"; };
		4879503416CC6ED000D6DEFD /* DLLLabTableViewController.m */ = {isa = PBXFileReference; fileEncoding = 4; lastKnownFileType = sourcecode.c.objc; path = DLLLabTableViewController.m; sourceTree = "<group>"; };
		4879503616CC6F2C00D6DEFD /* DLLPDFViewController.h */ = {isa = PBXFileReference; fileEncoding = 4; lastKnownFileType = sourcecode.c.h; path = DLLPDFViewController.h; sourceTree = "<group>"; };
		4879503716CC6F2C00D6DEFD /* DLLPDFViewController.m */ = {isa = PBXFileReference; fileEncoding = 4; lastKnownFileType = sourcecode.c.objc; path = DLLPDFViewController.m; sourceTree = "<group>"; };
		CF0D2DAA16BAE12E00753DF9 /* DLLContainerViewController.h */ = {isa = PBXFileReference; fileEncoding = 4; lastKnownFileType = sourcecode.c.h; path = DLLContainerViewController.h; sourceTree = "<group>"; };
		CF0D2DAB16BAE12E00753DF9 /* DLLContainerViewController.m */ = {isa = PBXFileReference; fileEncoding = 4; lastKnownFileType = sourcecode.c.objc; path = DLLContainerViewController.m; sourceTree = "<group>"; };
		CF0D2DAE16BAE20600753DF9 /* DLLDockViewController.h */ = {isa = PBXFileReference; fileEncoding = 4; lastKnownFileType = sourcecode.c.h; path = DLLDockViewController.h; sourceTree = "<group>"; };
		CF0D2DAF16BAE20600753DF9 /* DLLDockViewController.m */ = {isa = PBXFileReference; fileEncoding = 4; lastKnownFileType = sourcecode.c.objc; path = DLLDockViewController.m; sourceTree = "<group>"; };
		CF0D2DB216BAE2FB00753DF9 /* DLLBoardViewController.h */ = {isa = PBXFileReference; fileEncoding = 4; lastKnownFileType = sourcecode.c.h; path = DLLBoardViewController.h; sourceTree = "<group>"; };
		CF0D2DB316BAE2FB00753DF9 /* DLLBoardViewController.m */ = {isa = PBXFileReference; fileEncoding = 4; lastKnownFileType = sourcecode.c.objc; path = DLLBoardViewController.m; sourceTree = "<group>"; };
		CF1481971703AC23001DDD08 /* 200px-AND_ANSI.png */ = {isa = PBXFileReference; lastKnownFileType = image.png; name = "200px-AND_ANSI.png"; path = "Chip and Breadboard Images/200px-AND_ANSI.png"; sourceTree = "<group>"; };
		CF1481981703AC23001DDD08 /* board-new-resized.png */ = {isa = PBXFileReference; lastKnownFileType = image.png; name = "board-new-resized.png"; path = "Chip and Breadboard Images/board-new-resized.png"; sourceTree = "<group>"; };
		CF1481991703AC23001DDD08 /* chip-14-gray.png */ = {isa = PBXFileReference; lastKnownFileType = image.png; name = "chip-14-gray.png"; path = "Chip and Breadboard Images/chip-14-gray.png"; sourceTree = "<group>"; };
		CF14819A1703AC23001DDD08 /* chip-16-gray.png */ = {isa = PBXFileReference; lastKnownFileType = image.png; name = "chip-16-gray.png"; path = "Chip and Breadboard Images/chip-16-gray.png"; sourceTree = "<group>"; };
		CF35B6FD16C5902500D6358E /* placeholder.png */ = {isa = PBXFileReference; lastKnownFileType = image.png; path = placeholder.png; sourceTree = "<group>"; };
		CF45B2541703B18B002A9658 /* DLLTestViewController.h */ = {isa = PBXFileReference; fileEncoding = 4; lastKnownFileType = sourcecode.c.h; path = DLLTestViewController.h; sourceTree = "<group>"; };
		CF45B2551703B18B002A9658 /* DLLTestViewController.m */ = {isa = PBXFileReference; fileEncoding = 4; lastKnownFileType = sourcecode.c.objc; path = DLLTestViewController.m; sourceTree = "<group>"; };
		CF45B2571703BB95002A9658 /* DLLSwitch.h */ = {isa = PBXFileReference; fileEncoding = 4; lastKnownFileType = sourcecode.c.h; path = DLLSwitch.h; sourceTree = "<group>"; };
		CF45B2581703BB95002A9658 /* DLLSwitch.m */ = {isa = PBXFileReference; fileEncoding = 4; lastKnownFileType = sourcecode.c.objc; path = DLLSwitch.m; sourceTree = "<group>"; };
		CF45B25A1703BBBD002A9658 /* DLLSevenSegmentView.h */ = {isa = PBXFileReference; fileEncoding = 4; lastKnownFileType = sourcecode.c.h; path = DLLSevenSegmentView.h; sourceTree = "<group>"; };
		CF45B25B1703BBBD002A9658 /* DLLSevenSegmentView.m */ = {isa = PBXFileReference; fileEncoding = 4; lastKnownFileType = sourcecode.c.objc; path = DLLSevenSegmentView.m; sourceTree = "<group>"; };
		CF45B2601703BCB2002A9658 /* DLLLightView.h */ = {isa = PBXFileReference; fileEncoding = 4; lastKnownFileType = sourcecode.c.h; name = DLLLightView.h; path = ../DLLLightView.h; sourceTree = "<group>"; };
		CF45B2611703BCB2002A9658 /* DLLLightView.m */ = {isa = PBXFileReference; fileEncoding = 4; lastKnownFileType = sourcecode.c.objc; name = DLLLightView.m; path = ../DLLLightView.m; sourceTree = "<group>"; };
		CF55D8E916CF009700D8949B /* DLLAComponent.h */ = {isa = PBXFileReference; fileEncoding = 4; lastKnownFileType = sourcecode.c.h; path = DLLAComponent.h; sourceTree = "<group>"; };
		CF55D8EA16CF009700D8949B /* DLLAComponent.m */ = {isa = PBXFileReference; fileEncoding = 4; lastKnownFileType = sourcecode.c.objc; path = DLLAComponent.m; sourceTree = "<group>"; };
		CF55D8EC16CF055D00D8949B /* DLLChip.h */ = {isa = PBXFileReference; fileEncoding = 4; lastKnownFileType = sourcecode.c.h; path = DLLChip.h; sourceTree = "<group>"; };
		CF55D8ED16CF055D00D8949B /* DLLChip.m */ = {isa = PBXFileReference; fileEncoding = 4; lastKnownFileType = sourcecode.c.objc; path = DLLChip.m; sourceTree = "<group>"; };
		CF8E9708170659E600BFE5FB /* Dock.png */ = {isa = PBXFileReference; lastKnownFileType = image.png; path = Dock.png; sourceTree = "<group>"; };
		CF9CC50316BB07A30068A17D /* DLLDockViewCell.h */ = {isa = PBXFileReference; fileEncoding = 4; lastKnownFileType = sourcecode.c.h; path = DLLDockViewCell.h; sourceTree = "<group>"; };
		CF9CC50416BB07A30068A17D /* DLLDockViewCell.m */ = {isa = PBXFileReference; fileEncoding = 4; lastKnownFileType = sourcecode.c.objc; path = DLLDockViewCell.m; sourceTree = "<group>"; };
		CF9CC50616BB08A20068A17D /* DLLDockViewLayout.h */ = {isa = PBXFileReference; fileEncoding = 4; lastKnownFileType = sourcecode.c.h; path = DLLDockViewLayout.h; sourceTree = "<group>"; };
		CF9CC50716BB08A20068A17D /* DLLDockViewLayout.m */ = {isa = PBXFileReference; fileEncoding = 4; lastKnownFileType = sourcecode.c.objc; path = DLLDockViewLayout.m; sourceTree = "<group>"; };
		CF9CC50916BB08EA0068A17D /* QuartzCore.framework */ = {isa = PBXFileReference; lastKnownFileType = wrapper.framework; name = QuartzCore.framework; path = System/Library/Frameworks/QuartzCore.framework; sourceTree = SDKROOT; };
		CFB535B116E53E1D000DC011 /* DLLAComponentView.h */ = {isa = PBXFileReference; fileEncoding = 4; lastKnownFileType = sourcecode.c.h; name = DLLAComponentView.h; path = ../DLLAComponentView.h; sourceTree = "<group>"; };
		CFB535B216E53E1D000DC011 /* DLLAComponentView.m */ = {isa = PBXFileReference; fileEncoding = 4; lastKnownFileType = sourcecode.c.objc; name = DLLAComponentView.m; path = ../DLLAComponentView.m; sourceTree = "<group>"; };
		CFB535B416E53E4A000DC011 /* DLLChipView.h */ = {isa = PBXFileReference; fileEncoding = 4; lastKnownFileType = sourcecode.c.h; path = DLLChipView.h; sourceTree = "<group>"; };
		CFB535B516E53E4A000DC011 /* DLLChipView.m */ = {isa = PBXFileReference; fileEncoding = 4; lastKnownFileType = sourcecode.c.objc; path = DLLChipView.m; sourceTree = "<group>"; };
		CFB535B716E5407F000DC011 /* DLLWireView.h */ = {isa = PBXFileReference; fileEncoding = 4; lastKnownFileType = sourcecode.c.h; path = DLLWireView.h; sourceTree = "<group>"; };
		CFB535B816E5407F000DC011 /* DLLWireView.m */ = {isa = PBXFileReference; fileEncoding = 4; lastKnownFileType = sourcecode.c.objc; path = DLLWireView.m; sourceTree = "<group>"; };
		CFDBF6CD16B0C199009C3DA4 /* Digital Logic Labs.app */ = {isa = PBXFileReference; explicitFileType = wrapper.application; includeInIndex = 0; path = "Digital Logic Labs.app"; sourceTree = BUILT_PRODUCTS_DIR; };
		CFDBF6D116B0C199009C3DA4 /* UIKit.framework */ = {isa = PBXFileReference; lastKnownFileType = wrapper.framework; name = UIKit.framework; path = System/Library/Frameworks/UIKit.framework; sourceTree = SDKROOT; };
		CFDBF6D316B0C199009C3DA4 /* Foundation.framework */ = {isa = PBXFileReference; lastKnownFileType = wrapper.framework; name = Foundation.framework; path = System/Library/Frameworks/Foundation.framework; sourceTree = SDKROOT; };
		CFDBF6D516B0C199009C3DA4 /* CoreGraphics.framework */ = {isa = PBXFileReference; lastKnownFileType = wrapper.framework; name = CoreGraphics.framework; path = System/Library/Frameworks/CoreGraphics.framework; sourceTree = SDKROOT; };
		CFDBF6D916B0C199009C3DA4 /* Digital Logic Labs-Info.plist */ = {isa = PBXFileReference; lastKnownFileType = text.plist.xml; path = "Digital Logic Labs-Info.plist"; sourceTree = "<group>"; };
		CFDBF6DB16B0C199009C3DA4 /* en */ = {isa = PBXFileReference; lastKnownFileType = text.plist.strings; name = en; path = en.lproj/InfoPlist.strings; sourceTree = "<group>"; };
		CFDBF6DD16B0C199009C3DA4 /* main.m */ = {isa = PBXFileReference; lastKnownFileType = sourcecode.c.objc; path = main.m; sourceTree = "<group>"; };
		CFDBF6DF16B0C199009C3DA4 /* Digital Logic Labs-Prefix.pch */ = {isa = PBXFileReference; lastKnownFileType = sourcecode.c.h; path = "Digital Logic Labs-Prefix.pch"; sourceTree = "<group>"; };
		CFDBF6E016B0C19A009C3DA4 /* DLLAppDelegate.h */ = {isa = PBXFileReference; lastKnownFileType = sourcecode.c.h; path = DLLAppDelegate.h; sourceTree = "<group>"; };
		CFDBF6E116B0C19A009C3DA4 /* DLLAppDelegate.m */ = {isa = PBXFileReference; lastKnownFileType = sourcecode.c.objc; path = DLLAppDelegate.m; sourceTree = "<group>"; };
		CFDBF6E316B0C19A009C3DA4 /* Default.png */ = {isa = PBXFileReference; lastKnownFileType = image.png; path = Default.png; sourceTree = "<group>"; };
		CFDBF6E516B0C19A009C3DA4 /* Default@2x.png */ = {isa = PBXFileReference; lastKnownFileType = image.png; path = "Default@2x.png"; sourceTree = "<group>"; };
		CFDBF6E716B0C19A009C3DA4 /* Default-568h@2x.png */ = {isa = PBXFileReference; lastKnownFileType = image.png; path = "Default-568h@2x.png"; sourceTree = "<group>"; };
		CFDBF6F416B0C19A009C3DA4 /* Digital Logic LabsTests.octest */ = {isa = PBXFileReference; explicitFileType = wrapper.cfbundle; includeInIndex = 0; path = "Digital Logic LabsTests.octest"; sourceTree = BUILT_PRODUCTS_DIR; };
		CFDBF6F516B0C19A009C3DA4 /* SenTestingKit.framework */ = {isa = PBXFileReference; lastKnownFileType = wrapper.framework; name = SenTestingKit.framework; path = Library/Frameworks/SenTestingKit.framework; sourceTree = DEVELOPER_DIR; };
		CFDBF6FD16B0C19A009C3DA4 /* Digital Logic LabsTests-Info.plist */ = {isa = PBXFileReference; lastKnownFileType = text.plist.xml; path = "Digital Logic LabsTests-Info.plist"; sourceTree = "<group>"; };
		CFDBF6FF16B0C19A009C3DA4 /* en */ = {isa = PBXFileReference; lastKnownFileType = text.plist.strings; name = en; path = en.lproj/InfoPlist.strings; sourceTree = "<group>"; };
		CFDBF70116B0C19A009C3DA4 /* Digital_Logic_LabsTests.h */ = {isa = PBXFileReference; lastKnownFileType = sourcecode.c.h; path = Digital_Logic_LabsTests.h; sourceTree = "<group>"; };
		CFDBF70216B0C19A009C3DA4 /* Digital_Logic_LabsTests.m */ = {isa = PBXFileReference; lastKnownFileType = sourcecode.c.objc; path = Digital_Logic_LabsTests.m; sourceTree = "<group>"; };
		CFDBF70C16B0C1D9009C3DA4 /* MainStoryboard.storyboard */ = {isa = PBXFileReference; fileEncoding = 4; lastKnownFileType = file.storyboard; path = MainStoryboard.storyboard; sourceTree = "<group>"; };
		CFE0830116FA84A800E77C35 /* DLLWireDrawing.h */ = {isa = PBXFileReference; fileEncoding = 4; lastKnownFileType = sourcecode.c.h; path = DLLWireDrawing.h; sourceTree = "<group>"; };
		CFE0830216FA84A800E77C35 /* DLLWireDrawing.m */ = {isa = PBXFileReference; fileEncoding = 4; lastKnownFileType = sourcecode.c.objc; path = DLLWireDrawing.m; sourceTree = "<group>"; };
		CFEE671D170CE38A0008870C /* test-light-dim.png */ = {isa = PBXFileReference; lastKnownFileType = image.png; path = "test-light-dim.png"; sourceTree = "<group>"; };
		CFEE671E170CE38A0008870C /* test-light-off.png */ = {isa = PBXFileReference; lastKnownFileType = image.png; path = "test-light-off.png"; sourceTree = "<group>"; };
		CFEE671F170CE38A0008870C /* test-light-on.png */ = {isa = PBXFileReference; lastKnownFileType = image.png; path = "test-light-on.png"; sourceTree = "<group>"; };
		CFEE6723170CE43E0008870C /* test-switch-1.png */ = {isa = PBXFileReference; lastKnownFileType = image.png; path = "test-switch-1.png"; sourceTree = "<group>"; };
		CFEE6724170CE43E0008870C /* test-switch-2.png */ = {isa = PBXFileReference; lastKnownFileType = image.png; path = "test-switch-2.png"; sourceTree = "<group>"; };
		CFEE6727170CE6960008870C /* test-7-seg-display-1.png */ = {isa = PBXFileReference; lastKnownFileType = image.png; path = "test-7-seg-display-1.png"; sourceTree = "<group>"; };
		CFEE6728170CE6960008870C /* test-7-seg-display-2.png */ = {isa = PBXFileReference; lastKnownFileType = image.png; path = "test-7-seg-display-2.png"; sourceTree = "<group>"; };
		CFEE6729170CE6960008870C /* test-7-seg-display-3.png */ = {isa = PBXFileReference; lastKnownFileType = image.png; path = "test-7-seg-display-3.png"; sourceTree = "<group>"; };
		CFEE672A170CE6960008870C /* test-7-seg-display-4.png */ = {isa = PBXFileReference; lastKnownFileType = image.png; path = "test-7-seg-display-4.png"; sourceTree = "<group>"; };
		CFEE672B170CE6960008870C /* test-7-seg-display-5.png */ = {isa = PBXFileReference; lastKnownFileType = image.png; path = "test-7-seg-display-5.png"; sourceTree = "<group>"; };
		CFEE672C170CE6960008870C /* test-7-seg-display-6.png */ = {isa = PBXFileReference; lastKnownFileType = image.png; path = "test-7-seg-display-6.png"; sourceTree = "<group>"; };
		CFEE672D170CE6960008870C /* test-7-seg-display-7.png */ = {isa = PBXFileReference; lastKnownFileType = image.png; path = "test-7-seg-display-7.png"; sourceTree = "<group>"; };
		CFEE672E170CE6960008870C /* test-7-seg-display-overlay.png */ = {isa = PBXFileReference; lastKnownFileType = image.png; path = "test-7-seg-display-overlay.png"; sourceTree = "<group>"; };
		D86C198816E5149100E4303B /* DLLPoint.h */ = {isa = PBXFileReference; fileEncoding = 4; lastKnownFileType = sourcecode.c.h; path = DLLPoint.h; sourceTree = "<group>"; };
		D86C198916E5149100E4303B /* DLLPoint.m */ = {isa = PBXFileReference; fileEncoding = 4; lastKnownFileType = sourcecode.c.objc; path = DLLPoint.m; sourceTree = "<group>"; };
		D87DB8FE16F772E5000C6CE4 /* DLLWire.h */ = {isa = PBXFileReference; fileEncoding = 4; lastKnownFileType = sourcecode.c.h; name = DLLWire.h; path = "Digital Logic Labs/DLLWire.h"; sourceTree = SOURCE_ROOT; };
		D87DB8FF16F772E5000C6CE4 /* DLLWire.m */ = {isa = PBXFileReference; fileEncoding = 4; lastKnownFileType = sourcecode.c.objc; name = DLLWire.m; path = "Digital Logic Labs/DLLWire.m"; sourceTree = SOURCE_ROOT; };
		D87DB90216F77434000C6CE4 /* DLL14PinDIP.h */ = {isa = PBXFileReference; fileEncoding = 4; lastKnownFileType = sourcecode.c.h; path = DLL14PinDIP.h; sourceTree = "<group>"; };
		D87DB90316F77434000C6CE4 /* DLL14PinDIP.m */ = {isa = PBXFileReference; fileEncoding = 4; lastKnownFileType = sourcecode.c.objc; path = DLL14PinDIP.m; sourceTree = "<group>"; };
		D8AB957516C025B00074ABEB /* inventory.xml */ = {isa = PBXFileReference; fileEncoding = 4; lastKnownFileType = text.xml; name = inventory.xml; path = ../inventory.xml; sourceTree = "<group>"; };
		D8AB957816C027310074ABEB /* DLLBoard.h */ = {isa = PBXFileReference; fileEncoding = 4; lastKnownFileType = sourcecode.c.h; path = DLLBoard.h; sourceTree = "<group>"; };
		D8AB957916C027310074ABEB /* DLLBoard.m */ = {isa = PBXFileReference; fileEncoding = 4; lastKnownFileType = sourcecode.c.objc; path = DLLBoard.m; sourceTree = "<group>"; };
		D8ACC6AD1709F322000EDDDD /* DLLElectricalPoint.h */ = {isa = PBXFileReference; fileEncoding = 4; lastKnownFileType = sourcecode.c.h; path = DLLElectricalPoint.h; sourceTree = "<group>"; };
		D8ACC6AE1709F322000EDDDD /* DLLElectricalPoint.m */ = {isa = PBXFileReference; fileEncoding = 4; lastKnownFileType = sourcecode.c.objc; path = DLLElectricalPoint.m; sourceTree = "<group>"; };
		D8FE3C771703C36D003B25C2 /* 7400.png */ = {isa = PBXFileReference; lastKnownFileType = image.png; path = 7400.png; sourceTree = "<group>"; };
		D8FE3C781703C36D003B25C2 /* 7402.png */ = {isa = PBXFileReference; lastKnownFileType = image.png; path = 7402.png; sourceTree = "<group>"; };
		D8FE3C791703C36D003B25C2 /* 7404.png */ = {isa = PBXFileReference; lastKnownFileType = image.png; path = 7404.png; sourceTree = "<group>"; };
		D8FE3C7B1703C36D003B25C2 /* 74176.png */ = {isa = PBXFileReference; lastKnownFileType = image.png; path = 74176.png; sourceTree = "<group>"; };
		D8FE3C7C1703C36D003B25C2 /* 7408.png */ = {isa = PBXFileReference; lastKnownFileType = image.png; path = 7408.png; sourceTree = "<group>"; };
		D8FE3C7D1703C36D003B25C2 /* 7486.png */ = {isa = PBXFileReference; lastKnownFileType = image.png; path = 7486.png; sourceTree = "<group>"; };
		D8FE3C7E1703C36D003B25C2 /* 74164.png */ = {isa = PBXFileReference; lastKnownFileType = image.png; path = 74164.png; sourceTree = "<group>"; };
		D8FE3C7F1703C36D003B25C2 /* 74177.png */ = {isa = PBXFileReference; lastKnownFileType = image.png; path = 74177.png; sourceTree = "<group>"; };
		D8FE3C801703C36D003B25C2 /* 74181.png */ = {isa = PBXFileReference; lastKnownFileType = image.png; path = 74181.png; sourceTree = "<group>"; };
		D8FE3C811703C36D003B25C2 /* 7432.png */ = {isa = PBXFileReference; lastKnownFileType = image.png; path = 7432.png; sourceTree = "<group>"; };
		D8FE3C921703C76F003B25C2 /* 7447.png */ = {isa = PBXFileReference; lastKnownFileType = image.png; path = 7447.png; sourceTree = "<group>"; };
		D8FE3C931703C76F003B25C2 /* 7476.png */ = {isa = PBXFileReference; lastKnownFileType = image.png; path = 7476.png; sourceTree = "<group>"; };
		D8FE3C941703C76F003B25C2 /* 7485.png */ = {isa = PBXFileReference; lastKnownFileType = image.png; path = 7485.png; sourceTree = "<group>"; };
		D8FE3C951703C76F003B25C2 /* 74151.png */ = {isa = PBXFileReference; lastKnownFileType = image.png; path = 74151.png; sourceTree = "<group>"; };
/* End PBXFileReference section */

/* Begin PBXFrameworksBuildPhase section */
		CFDBF6CA16B0C199009C3DA4 /* Frameworks */ = {
			isa = PBXFrameworksBuildPhase;
			buildActionMask = 2147483647;
			files = (
				CF9CC50A16BB08EA0068A17D /* QuartzCore.framework in Frameworks */,
				CFDBF6D216B0C199009C3DA4 /* UIKit.framework in Frameworks */,
				CFDBF6D416B0C199009C3DA4 /* Foundation.framework in Frameworks */,
				CFDBF6D616B0C199009C3DA4 /* CoreGraphics.framework in Frameworks */,
			);
			runOnlyForDeploymentPostprocessing = 0;
		};
		CFDBF6F016B0C19A009C3DA4 /* Frameworks */ = {
			isa = PBXFrameworksBuildPhase;
			buildActionMask = 2147483647;
			files = (
				CFDBF6F616B0C19A009C3DA4 /* SenTestingKit.framework in Frameworks */,
				CFDBF6F716B0C19A009C3DA4 /* UIKit.framework in Frameworks */,
				CFDBF6F816B0C19A009C3DA4 /* Foundation.framework in Frameworks */,
			);
			runOnlyForDeploymentPostprocessing = 0;
		};
/* End PBXFrameworksBuildPhase section */

/* Begin PBXGroup section */
		3A9DFD6616E80FD200C58C4A /* Component View Objects */ = {
			isa = PBXGroup;
			children = (
				CF25D10C16EE6D2300720AF5 /* Resources */,
				CFB535B116E53E1D000DC011 /* DLLAComponentView.h */,
				CFB535B216E53E1D000DC011 /* DLLAComponentView.m */,
				CFB535B416E53E4A000DC011 /* DLLChipView.h */,
				CFB535B516E53E4A000DC011 /* DLLChipView.m */,
				CFB535B716E5407F000DC011 /* DLLWireView.h */,
				CFB535B816E5407F000DC011 /* DLLWireView.m */,
				CFE0830116FA84A800E77C35 /* DLLWireDrawing.h */,
				CFE0830216FA84A800E77C35 /* DLLWireDrawing.m */,
			);
			name = "Component View Objects";
			sourceTree = "<group>";
		};
		486B08D516D58CD400F0E4B8 /* Chip and Breadboard Images */ = {
			isa = PBXGroup;
			children = (
			);
			path = "Chip and Breadboard Images";
			sourceTree = "<group>";
		};
		486B08E416D5B71000F0E4B8 /* Lab PDFs */ = {
			isa = PBXGroup;
			children = (
				4836741E16CC56AC008B87E6 /* Lab1.pdf */,
				4836741F16CC56AC008B87E6 /* Lab2.pdf */,
				4836742016CC56AC008B87E6 /* Lab3.pdf */,
				4836742116CC56AC008B87E6 /* Lab4.pdf */,
				4836742216CC56AC008B87E6 /* Lab5.pdf */,
				4836742316CC56AC008B87E6 /* Lab6.pdf */,
			);
			name = "Lab PDFs";
			sourceTree = "<group>";
		};
		4879503116CC6E5E00D6DEFD /* LabView */ = {
			isa = PBXGroup;
			children = (
				486B08E416D5B71000F0E4B8 /* Lab PDFs */,
				486B08E116D5948300F0E4B8 /* DLLSplitViewController.h */,
				486B08E216D5948300F0E4B8 /* DLLSplitViewController.m */,
				4879503316CC6ED000D6DEFD /* DLLLabTableViewController.h */,
				4879503416CC6ED000D6DEFD /* DLLLabTableViewController.m */,
				4879503616CC6F2C00D6DEFD /* DLLPDFViewController.h */,
				4879503716CC6F2C00D6DEFD /* DLLPDFViewController.m */,
			);
			name = LabView;
			sourceTree = "<group>";
		};
		CF0D2DA816BAE0F000753DF9 /* ContainerView */ = {
			isa = PBXGroup;
			children = (
				CF8E970B17065C2D00BFE5FB /* Resources */,
				CF0D2DAA16BAE12E00753DF9 /* DLLContainerViewController.h */,
				CF0D2DAB16BAE12E00753DF9 /* DLLContainerViewController.m */,
				CF0D2DB116BAE2C600753DF9 /* BoardView */,
				CF0D2DAD16BAE1C000753DF9 /* DockView */,
				3A9DFD6616E80FD200C58C4A /* Component View Objects */,
			);
			name = ContainerView;
			sourceTree = "<group>";
		};
		CF0D2DAD16BAE1C000753DF9 /* DockView */ = {
			isa = PBXGroup;
			children = (
				CF80E86316D2CFA900DBA574 /* Resources */,
				CF0D2DAE16BAE20600753DF9 /* DLLDockViewController.h */,
				CF0D2DAF16BAE20600753DF9 /* DLLDockViewController.m */,
				CF9CC50316BB07A30068A17D /* DLLDockViewCell.h */,
				CF9CC50416BB07A30068A17D /* DLLDockViewCell.m */,
				CF9CC50616BB08A20068A17D /* DLLDockViewLayout.h */,
				CF9CC50716BB08A20068A17D /* DLLDockViewLayout.m */,
			);
			name = DockView;
			sourceTree = "<group>";
		};
		CF0D2DB116BAE2C600753DF9 /* BoardView */ = {
			isa = PBXGroup;
			children = (
				CF35B6FB16C589E700D6358E /* Resources */,
				CF0D2DB216BAE2FB00753DF9 /* DLLBoardViewController.h */,
				CF0D2DB316BAE2FB00753DF9 /* DLLBoardViewController.m */,
			);
			name = BoardView;
			sourceTree = "<group>";
		};
		CF25D10C16EE6D2300720AF5 /* Resources */ = {
			isa = PBXGroup;
			children = (
				D8FE3C921703C76F003B25C2 /* 7447.png */,
				D8FE3C931703C76F003B25C2 /* 7476.png */,
				D8FE3C941703C76F003B25C2 /* 7485.png */,
				D8FE3C951703C76F003B25C2 /* 74151.png */,
				D8FE3C771703C36D003B25C2 /* 7400.png */,
				D8FE3C781703C36D003B25C2 /* 7402.png */,
				D8FE3C791703C36D003B25C2 /* 7404.png */,
				D8FE3C7B1703C36D003B25C2 /* 74176.png */,
				D8FE3C7C1703C36D003B25C2 /* 7408.png */,
				D8FE3C7D1703C36D003B25C2 /* 7486.png */,
				D8FE3C7E1703C36D003B25C2 /* 74164.png */,
				D8FE3C7F1703C36D003B25C2 /* 74177.png */,
				D8FE3C801703C36D003B25C2 /* 74181.png */,
				D8FE3C811703C36D003B25C2 /* 7432.png */,
				CF1481971703AC23001DDD08 /* 200px-AND_ANSI.png */,
				CF1481991703AC23001DDD08 /* chip-14-gray.png */,
				CF14819A1703AC23001DDD08 /* chip-16-gray.png */,
				CF35B6FD16C5902500D6358E /* placeholder.png */,
				48190C8D16FA6E2D003BC4E4 /* wire.png */,
			);
			name = Resources;
			sourceTree = "<group>";
		};
		CF35B6FB16C589E700D6358E /* Resources */ = {
			isa = PBXGroup;
			children = (
				CF1481981703AC23001DDD08 /* board-new-resized.png */,
			);
			name = Resources;
			sourceTree = "<group>";
		};
		CF45B2521703B152002A9658 /* TestView */ = {
			isa = PBXGroup;
			children = (
				CF45B2631703BE5F002A9658 /* Resources */,
				CF45B2541703B18B002A9658 /* DLLTestViewController.h */,
				CF45B2551703B18B002A9658 /* DLLTestViewController.m */,
				CF45B2571703BB95002A9658 /* DLLSwitch.h */,
				CF45B2581703BB95002A9658 /* DLLSwitch.m */,
				CF45B2601703BCB2002A9658 /* DLLLightView.h */,
				CF45B2611703BCB2002A9658 /* DLLLightView.m */,
				CF45B25A1703BBBD002A9658 /* DLLSevenSegmentView.h */,
				CF45B25B1703BBBD002A9658 /* DLLSevenSegmentView.m */,
			);
			name = TestView;
			sourceTree = "<group>";
		};
		CF45B2631703BE5F002A9658 /* Resources */ = {
			isa = PBXGroup;
			children = (
				CFEE6727170CE6960008870C /* test-7-seg-display-1.png */,
				CFEE6728170CE6960008870C /* test-7-seg-display-2.png */,
				CFEE6729170CE6960008870C /* test-7-seg-display-3.png */,
				CFEE672A170CE6960008870C /* test-7-seg-display-4.png */,
				CFEE672B170CE6960008870C /* test-7-seg-display-5.png */,
				CFEE672C170CE6960008870C /* test-7-seg-display-6.png */,
				CFEE672D170CE6960008870C /* test-7-seg-display-7.png */,
				CFEE672E170CE6960008870C /* test-7-seg-display-overlay.png */,
				CFEE6723170CE43E0008870C /* test-switch-1.png */,
				CFEE6724170CE43E0008870C /* test-switch-2.png */,
				CFEE671D170CE38A0008870C /* test-light-dim.png */,
				CFEE671E170CE38A0008870C /* test-light-off.png */,
				CFEE671F170CE38A0008870C /* test-light-on.png */,
			);
			name = Resources;
			sourceTree = "<group>";
		};
		CF55D8E816CF003000D8949B /* DLLModel */ = {
			isa = PBXGroup;
			children = (
				CF55D8EF16CF09E300D8949B /* Resources */,
				D8AB957816C027310074ABEB /* DLLBoard.h */,
				D8AB957916C027310074ABEB /* DLLBoard.m */,
				D8ACC6AD1709F322000EDDDD /* DLLElectricalPoint.h */,
				D8ACC6AE1709F322000EDDDD /* DLLElectricalPoint.m */,
				D86C198816E5149100E4303B /* DLLPoint.h */,
				D86C198916E5149100E4303B /* DLLPoint.m */,
				CF55D8EC16CF055D00D8949B /* DLLChip.h */,
				CF55D8ED16CF055D00D8949B /* DLLChip.m */,
				D87DB90216F77434000C6CE4 /* DLL14PinDIP.h */,
				D87DB90316F77434000C6CE4 /* DLL14PinDIP.m */,
				CF55D8E916CF009700D8949B /* DLLAComponent.h */,
				CF55D8EA16CF009700D8949B /* DLLAComponent.m */,
				4824E22A1703D0A7004DA6D4 /* DLLTest.h */,
				4824E22B1703D0A7004DA6D4 /* DLLTest.m */,
			);
			name = DLLModel;
			sourceTree = "<group>";
		};
		CF55D8EF16CF09E300D8949B /* Resources */ = {
			isa = PBXGroup;
			children = (
			);
			name = Resources;
			sourceTree = "<group>";
		};
		CF80E86316D2CFA900DBA574 /* Resources */ = {
			isa = PBXGroup;
			children = (
			);
			name = Resources;
			sourceTree = "<group>";
		};
		CF8E970B17065C2D00BFE5FB /* Resources */ = {
			isa = PBXGroup;
			children = (
				CF8E9708170659E600BFE5FB /* Dock.png */,
			);
			name = Resources;
			sourceTree = "<group>";
		};
		CFDBF6C216B0C199009C3DA4 = {
			isa = PBXGroup;
			children = (
				CFDBF6D716B0C199009C3DA4 /* Digital Logic Labs */,
				CFDBF6FB16B0C19A009C3DA4 /* Digital Logic LabsTests */,
				CFDBF6D016B0C199009C3DA4 /* Frameworks */,
				CFDBF6CE16B0C199009C3DA4 /* Products */,
			);
			sourceTree = "<group>";
		};
		CFDBF6CE16B0C199009C3DA4 /* Products */ = {
			isa = PBXGroup;
			children = (
				CFDBF6CD16B0C199009C3DA4 /* Digital Logic Labs.app */,
				CFDBF6F416B0C19A009C3DA4 /* Digital Logic LabsTests.octest */,
			);
			name = Products;
			sourceTree = "<group>";
		};
		CFDBF6D016B0C199009C3DA4 /* Frameworks */ = {
			isa = PBXGroup;
			children = (
				CF9CC50916BB08EA0068A17D /* QuartzCore.framework */,
				CFDBF6D116B0C199009C3DA4 /* UIKit.framework */,
				CFDBF6D316B0C199009C3DA4 /* Foundation.framework */,
				CFDBF6D516B0C199009C3DA4 /* CoreGraphics.framework */,
				CFDBF6F516B0C19A009C3DA4 /* SenTestingKit.framework */,
			);
			name = Frameworks;
			sourceTree = "<group>";
		};
		CFDBF6D716B0C199009C3DA4 /* Digital Logic Labs */ = {
			isa = PBXGroup;
			children = (
				CF55D8E816CF003000D8949B /* DLLModel */,
				CF45B2521703B152002A9658 /* TestView */,
				CF0D2DA816BAE0F000753DF9 /* ContainerView */,
				4879503116CC6E5E00D6DEFD /* LabView */,
				CFDBF6E016B0C19A009C3DA4 /* DLLAppDelegate.h */,
				CFDBF6E116B0C19A009C3DA4 /* DLLAppDelegate.m */,
				CFDBF70C16B0C1D9009C3DA4 /* MainStoryboard.storyboard */,
				CFDBF6D816B0C199009C3DA4 /* Supporting Files */,
			);
			path = "Digital Logic Labs";
			sourceTree = "<group>";
		};
		CFDBF6D816B0C199009C3DA4 /* Supporting Files */ = {
			isa = PBXGroup;
			children = (
				486B08D516D58CD400F0E4B8 /* Chip and Breadboard Images */,
				D8AB957516C025B00074ABEB /* inventory.xml */,
				CFDBF6D916B0C199009C3DA4 /* Digital Logic Labs-Info.plist */,
				CFDBF6DA16B0C199009C3DA4 /* InfoPlist.strings */,
				CFDBF6DD16B0C199009C3DA4 /* main.m */,
				CFDBF6DF16B0C199009C3DA4 /* Digital Logic Labs-Prefix.pch */,
				CFDBF6E316B0C19A009C3DA4 /* Default.png */,
				CFDBF6E516B0C19A009C3DA4 /* Default@2x.png */,
				CFDBF6E716B0C19A009C3DA4 /* Default-568h@2x.png */,
			);
			name = "Supporting Files";
			sourceTree = "<group>";
		};
		CFDBF6FB16B0C19A009C3DA4 /* Digital Logic LabsTests */ = {
			isa = PBXGroup;
			children = (
				CFDBF70116B0C19A009C3DA4 /* Digital_Logic_LabsTests.h */,
				CFDBF70216B0C19A009C3DA4 /* Digital_Logic_LabsTests.m */,
				CFDBF6FC16B0C19A009C3DA4 /* Supporting Files */,
			);
			path = "Digital Logic LabsTests";
			sourceTree = "<group>";
		};
		CFDBF6FC16B0C19A009C3DA4 /* Supporting Files */ = {
			isa = PBXGroup;
			children = (
				CFDBF6FD16B0C19A009C3DA4 /* Digital Logic LabsTests-Info.plist */,
				CFDBF6FE16B0C19A009C3DA4 /* InfoPlist.strings */,
			);
			name = "Supporting Files";
			sourceTree = "<group>";
		};
/* End PBXGroup section */

/* Begin PBXNativeTarget section */
		CFDBF6CC16B0C199009C3DA4 /* Digital Logic Labs */ = {
			isa = PBXNativeTarget;
			buildConfigurationList = CFDBF70616B0C19A009C3DA4 /* Build configuration list for PBXNativeTarget "Digital Logic Labs" */;
			buildPhases = (
				CFDBF6C916B0C199009C3DA4 /* Sources */,
				CFDBF6CA16B0C199009C3DA4 /* Frameworks */,
				CFDBF6CB16B0C199009C3DA4 /* Resources */,
			);
			buildRules = (
			);
			dependencies = (
			);
			name = "Digital Logic Labs";
			productName = "Digital Logic Labs";
			productReference = CFDBF6CD16B0C199009C3DA4 /* Digital Logic Labs.app */;
			productType = "com.apple.product-type.application";
		};
		CFDBF6F316B0C19A009C3DA4 /* Digital Logic LabsTests */ = {
			isa = PBXNativeTarget;
			buildConfigurationList = CFDBF70916B0C19A009C3DA4 /* Build configuration list for PBXNativeTarget "Digital Logic LabsTests" */;
			buildPhases = (
				CFDBF6EF16B0C19A009C3DA4 /* Sources */,
				CFDBF6F016B0C19A009C3DA4 /* Frameworks */,
				CFDBF6F116B0C19A009C3DA4 /* Resources */,
				CFDBF6F216B0C19A009C3DA4 /* ShellScript */,
			);
			buildRules = (
			);
			dependencies = (
				CFDBF6FA16B0C19A009C3DA4 /* PBXTargetDependency */,
			);
			name = "Digital Logic LabsTests";
			productName = "Digital Logic LabsTests";
			productReference = CFDBF6F416B0C19A009C3DA4 /* Digital Logic LabsTests.octest */;
			productType = "com.apple.product-type.bundle";
		};
/* End PBXNativeTarget section */

/* Begin PBXProject section */
		CFDBF6C416B0C199009C3DA4 /* Project object */ = {
			isa = PBXProject;
			attributes = {
				CLASSPREFIX = DLL;
				LastUpgradeCheck = 0450;
				ORGANIZATIONNAME = Pepperdine;
			};
			buildConfigurationList = CFDBF6C716B0C199009C3DA4 /* Build configuration list for PBXProject "Digital Logic Labs" */;
			compatibilityVersion = "Xcode 3.2";
			developmentRegion = English;
			hasScannedForEncodings = 0;
			knownRegions = (
				en,
			);
			mainGroup = CFDBF6C216B0C199009C3DA4;
			productRefGroup = CFDBF6CE16B0C199009C3DA4 /* Products */;
			projectDirPath = "";
			projectRoot = "";
			targets = (
				CFDBF6CC16B0C199009C3DA4 /* Digital Logic Labs */,
				CFDBF6F316B0C19A009C3DA4 /* Digital Logic LabsTests */,
			);
		};
/* End PBXProject section */

/* Begin PBXResourcesBuildPhase section */
		CFDBF6CB16B0C199009C3DA4 /* Resources */ = {
			isa = PBXResourcesBuildPhase;
			buildActionMask = 2147483647;
			files = (
				CFDBF6DC16B0C199009C3DA4 /* InfoPlist.strings in Resources */,
				CFDBF6E416B0C19A009C3DA4 /* Default.png in Resources */,
				CFDBF6E616B0C19A009C3DA4 /* Default@2x.png in Resources */,
				CFDBF6E816B0C19A009C3DA4 /* Default-568h@2x.png in Resources */,
				CFDBF70D16B0C1D9009C3DA4 /* MainStoryboard.storyboard in Resources */,
				D8AB957616C025B00074ABEB /* inventory.xml in Resources */,
				CF35B6FE16C5902500D6358E /* placeholder.png in Resources */,
				4836742416CC56AC008B87E6 /* Lab1.pdf in Resources */,
				4836742516CC56AC008B87E6 /* Lab2.pdf in Resources */,
				4836742616CC56AC008B87E6 /* Lab3.pdf in Resources */,
				4836742716CC56AC008B87E6 /* Lab4.pdf in Resources */,
				4836742816CC56AC008B87E6 /* Lab5.pdf in Resources */,
				4836742916CC56AC008B87E6 /* Lab6.pdf in Resources */,
				48190C9116FA6E2D003BC4E4 /* wire.png in Resources */,
				CF14819B1703AC23001DDD08 /* 200px-AND_ANSI.png in Resources */,
				CF14819C1703AC23001DDD08 /* board-new-resized.png in Resources */,
				CF14819D1703AC23001DDD08 /* chip-14-gray.png in Resources */,
				CF14819E1703AC23001DDD08 /* chip-16-gray.png in Resources */,
				D8FE3C851703C36D003B25C2 /* 7400.png in Resources */,
				D8FE3C861703C36D003B25C2 /* 7402.png in Resources */,
				D8FE3C871703C36D003B25C2 /* 7404.png in Resources */,
				D8FE3C891703C36D003B25C2 /* 74176.png in Resources */,
				D8FE3C8A1703C36D003B25C2 /* 7408.png in Resources */,
				D8FE3C8B1703C36D003B25C2 /* 7486.png in Resources */,
				D8FE3C8C1703C36D003B25C2 /* 74164.png in Resources */,
				D8FE3C8D1703C36D003B25C2 /* 74177.png in Resources */,
				D8FE3C8E1703C36D003B25C2 /* 74181.png in Resources */,
				D8FE3C8F1703C36D003B25C2 /* 7432.png in Resources */,
				D8FE3C961703C770003B25C2 /* 7447.png in Resources */,
				D8FE3C971703C770003B25C2 /* 7476.png in Resources */,
				D8FE3C981703C770003B25C2 /* 7485.png in Resources */,
				D8FE3C991703C770003B25C2 /* 74151.png in Resources */,
				CF8E9709170659E600BFE5FB /* Dock.png in Resources */,
				CFEE6720170CE38A0008870C /* test-light-dim.png in Resources */,
				CFEE6721170CE38A0008870C /* test-light-off.png in Resources */,
				CFEE6722170CE38A0008870C /* test-light-on.png in Resources */,
				CFEE6725170CE43E0008870C /* test-switch-1.png in Resources */,
				CFEE6726170CE43E0008870C /* test-switch-2.png in Resources */,
				CFEE672F170CE6960008870C /* test-7-seg-display-1.png in Resources */,
				CFEE6730170CE6960008870C /* test-7-seg-display-2.png in Resources */,
				CFEE6731170CE6960008870C /* test-7-seg-display-3.png in Resources */,
				CFEE6732170CE6960008870C /* test-7-seg-display-4.png in Resources */,
				CFEE6733170CE6960008870C /* test-7-seg-display-5.png in Resources */,
				CFEE6734170CE6960008870C /* test-7-seg-display-6.png in Resources */,
				CFEE6735170CE6960008870C /* test-7-seg-display-7.png in Resources */,
				CFEE6736170CE6960008870C /* test-7-seg-display-overlay.png in Resources */,
			);
			runOnlyForDeploymentPostprocessing = 0;
		};
		CFDBF6F116B0C19A009C3DA4 /* Resources */ = {
			isa = PBXResourcesBuildPhase;
			buildActionMask = 2147483647;
			files = (
				CFDBF70016B0C19A009C3DA4 /* InfoPlist.strings in Resources */,
			);
			runOnlyForDeploymentPostprocessing = 0;
		};
/* End PBXResourcesBuildPhase section */

/* Begin PBXShellScriptBuildPhase section */
		CFDBF6F216B0C19A009C3DA4 /* ShellScript */ = {
			isa = PBXShellScriptBuildPhase;
			buildActionMask = 2147483647;
			files = (
			);
			inputPaths = (
			);
			outputPaths = (
			);
			runOnlyForDeploymentPostprocessing = 0;
			shellPath = /bin/sh;
			shellScript = "# Run the unit tests in this test bundle.\n\"${SYSTEM_DEVELOPER_DIR}/Tools/RunUnitTests\"\n";
		};
/* End PBXShellScriptBuildPhase section */

/* Begin PBXSourcesBuildPhase section */
		CFDBF6C916B0C199009C3DA4 /* Sources */ = {
			isa = PBXSourcesBuildPhase;
			buildActionMask = 2147483647;
			files = (
				CFDBF6DE16B0C199009C3DA4 /* main.m in Sources */,
				CFDBF6E216B0C19A009C3DA4 /* DLLAppDelegate.m in Sources */,
				CF0D2DAC16BAE12E00753DF9 /* DLLContainerViewController.m in Sources */,
				CF0D2DB016BAE20600753DF9 /* DLLDockViewController.m in Sources */,
				CF0D2DB416BAE2FB00753DF9 /* DLLBoardViewController.m in Sources */,
				CF9CC50516BB07A30068A17D /* DLLDockViewCell.m in Sources */,
				CF9CC50816BB08A20068A17D /* DLLDockViewLayout.m in Sources */,
				D8AB957A16C027310074ABEB /* DLLBoard.m in Sources */,
				CF55D8EB16CF009700D8949B /* DLLAComponent.m in Sources */,
				CF55D8EE16CF055D00D8949B /* DLLChip.m in Sources */,
				4879503516CC6ED000D6DEFD /* DLLLabTableViewController.m in Sources */,
				4879503816CC6F2C00D6DEFD /* DLLPDFViewController.m in Sources */,
				486B08E316D5948300F0E4B8 /* DLLSplitViewController.m in Sources */,
				D86C198A16E5149100E4303B /* DLLPoint.m in Sources */,
				CFB535B316E53E1D000DC011 /* DLLAComponentView.m in Sources */,
				CFB535B616E53E4A000DC011 /* DLLChipView.m in Sources */,
				CFB535B916E5407F000DC011 /* DLLWireView.m in Sources */,
				D87DB90416F77434000C6CE4 /* DLL14PinDIP.m in Sources */,
				CFE0830316FA84A800E77C35 /* DLLWireDrawing.m in Sources */,
				CF45B2561703B18B002A9658 /* DLLTestViewController.m in Sources */,
				CF45B2591703BB95002A9658 /* DLLSwitch.m in Sources */,
				CF45B25C1703BBBD002A9658 /* DLLSevenSegmentView.m in Sources */,
				CF45B2621703BCB2002A9658 /* DLLLightView.m in Sources */,
				D8ACC6AF1709F322000EDDDD /* DLLElectricalPoint.m in Sources */,
			);
			runOnlyForDeploymentPostprocessing = 0;
		};
		CFDBF6EF16B0C19A009C3DA4 /* Sources */ = {
			isa = PBXSourcesBuildPhase;
			buildActionMask = 2147483647;
			files = (
				CFDBF70316B0C19A009C3DA4 /* Digital_Logic_LabsTests.m in Sources */,
				D87DB90016F772E5000C6CE4 /* DLLWire.m in Sources */,
				4824E22D1703D0A7004DA6D4 /* DLLTest.m in Sources */,
			);
			runOnlyForDeploymentPostprocessing = 0;
		};
/* End PBXSourcesBuildPhase section */

/* Begin PBXTargetDependency section */
		CFDBF6FA16B0C19A009C3DA4 /* PBXTargetDependency */ = {
			isa = PBXTargetDependency;
			target = CFDBF6CC16B0C199009C3DA4 /* Digital Logic Labs */;
			targetProxy = CFDBF6F916B0C19A009C3DA4 /* PBXContainerItemProxy */;
		};
/* End PBXTargetDependency section */

/* Begin PBXVariantGroup section */
		CFDBF6DA16B0C199009C3DA4 /* InfoPlist.strings */ = {
			isa = PBXVariantGroup;
			children = (
				CFDBF6DB16B0C199009C3DA4 /* en */,
			);
			name = InfoPlist.strings;
			sourceTree = "<group>";
		};
		CFDBF6FE16B0C19A009C3DA4 /* InfoPlist.strings */ = {
			isa = PBXVariantGroup;
			children = (
				CFDBF6FF16B0C19A009C3DA4 /* en */,
			);
			name = InfoPlist.strings;
			sourceTree = "<group>";
		};
/* End PBXVariantGroup section */

/* Begin XCBuildConfiguration section */
		CFDBF70416B0C19A009C3DA4 /* Debug */ = {
			isa = XCBuildConfiguration;
			buildSettings = {
				ALWAYS_SEARCH_USER_PATHS = NO;
				CLANG_CXX_LANGUAGE_STANDARD = "gnu++0x";
				CLANG_CXX_LIBRARY = "libc++";
				CLANG_ENABLE_OBJC_ARC = YES;
				CLANG_WARN_EMPTY_BODY = YES;
				CLANG_WARN__DUPLICATE_METHOD_MATCH = YES;
				"CODE_SIGN_IDENTITY[sdk=iphoneos*]" = "iPhone Developer";
				COPY_PHASE_STRIP = NO;
				GCC_C_LANGUAGE_STANDARD = gnu99;
				GCC_DYNAMIC_NO_PIC = NO;
				GCC_OPTIMIZATION_LEVEL = 0;
				GCC_PREPROCESSOR_DEFINITIONS = (
					"DEBUG=1",
					"$(inherited)",
				);
				GCC_SYMBOLS_PRIVATE_EXTERN = NO;
				GCC_WARN_ABOUT_RETURN_TYPE = YES;
				GCC_WARN_UNINITIALIZED_AUTOS = YES;
				GCC_WARN_UNUSED_VARIABLE = YES;
				IPHONEOS_DEPLOYMENT_TARGET = 6.0;
				ONLY_ACTIVE_ARCH = YES;
				SDKROOT = iphoneos;
				TARGETED_DEVICE_FAMILY = 2;
			};
			name = Debug;
		};
		CFDBF70516B0C19A009C3DA4 /* Release */ = {
			isa = XCBuildConfiguration;
			buildSettings = {
				ALWAYS_SEARCH_USER_PATHS = NO;
				CLANG_CXX_LANGUAGE_STANDARD = "gnu++0x";
				CLANG_CXX_LIBRARY = "libc++";
				CLANG_ENABLE_OBJC_ARC = YES;
				CLANG_WARN_EMPTY_BODY = YES;
				CLANG_WARN__DUPLICATE_METHOD_MATCH = YES;
				"CODE_SIGN_IDENTITY[sdk=iphoneos*]" = "iPhone Developer";
				COPY_PHASE_STRIP = YES;
				GCC_C_LANGUAGE_STANDARD = gnu99;
				GCC_WARN_ABOUT_RETURN_TYPE = YES;
				GCC_WARN_UNINITIALIZED_AUTOS = YES;
				GCC_WARN_UNUSED_VARIABLE = YES;
				IPHONEOS_DEPLOYMENT_TARGET = 6.0;
				OTHER_CFLAGS = "-DNS_BLOCK_ASSERTIONS=1";
				SDKROOT = iphoneos;
				TARGETED_DEVICE_FAMILY = 2;
				VALIDATE_PRODUCT = YES;
			};
			name = Release;
		};
		CFDBF70716B0C19A009C3DA4 /* Debug */ = {
			isa = XCBuildConfiguration;
			buildSettings = {
				CLANG_ENABLE_OBJC_ARC = YES;
				CLANG_WARN_OBJCPP_ARC_ABI = YES;
				GCC_PRECOMPILE_PREFIX_HEADER = YES;
				GCC_PREFIX_HEADER = "Digital Logic Labs/Digital Logic Labs-Prefix.pch";
				INFOPLIST_FILE = "Digital Logic Labs/Digital Logic Labs-Info.plist";
				PRODUCT_NAME = "$(TARGET_NAME)";
				WRAPPER_EXTENSION = app;
			};
			name = Debug;
		};
		CFDBF70816B0C19A009C3DA4 /* Release */ = {
			isa = XCBuildConfiguration;
			buildSettings = {
				CLANG_ENABLE_OBJC_ARC = YES;
				CLANG_WARN_OBJCPP_ARC_ABI = YES;
				GCC_PRECOMPILE_PREFIX_HEADER = YES;
				GCC_PREFIX_HEADER = "Digital Logic Labs/Digital Logic Labs-Prefix.pch";
				INFOPLIST_FILE = "Digital Logic Labs/Digital Logic Labs-Info.plist";
				PRODUCT_NAME = "$(TARGET_NAME)";
				WRAPPER_EXTENSION = app;
			};
			name = Release;
		};
		CFDBF70A16B0C19A009C3DA4 /* Debug */ = {
			isa = XCBuildConfiguration;
			buildSettings = {
				BUNDLE_LOADER = "$(BUILT_PRODUCTS_DIR)/Digital Logic Labs.app/Digital Logic Labs";
				FRAMEWORK_SEARCH_PATHS = (
					"\"$(SDKROOT)/Developer/Library/Frameworks\"",
					"\"$(DEVELOPER_LIBRARY_DIR)/Frameworks\"",
				);
				GCC_PRECOMPILE_PREFIX_HEADER = YES;
				GCC_PREFIX_HEADER = "Digital Logic Labs/Digital Logic Labs-Prefix.pch";
				INFOPLIST_FILE = "Digital Logic LabsTests/Digital Logic LabsTests-Info.plist";
				PRODUCT_NAME = "$(TARGET_NAME)";
				TEST_HOST = "$(BUNDLE_LOADER)";
				WRAPPER_EXTENSION = octest;
			};
			name = Debug;
		};
		CFDBF70B16B0C19A009C3DA4 /* Release */ = {
			isa = XCBuildConfiguration;
			buildSettings = {
				BUNDLE_LOADER = "$(BUILT_PRODUCTS_DIR)/Digital Logic Labs.app/Digital Logic Labs";
				FRAMEWORK_SEARCH_PATHS = (
					"\"$(SDKROOT)/Developer/Library/Frameworks\"",
					"\"$(DEVELOPER_LIBRARY_DIR)/Frameworks\"",
				);
				GCC_PRECOMPILE_PREFIX_HEADER = YES;
				GCC_PREFIX_HEADER = "Digital Logic Labs/Digital Logic Labs-Prefix.pch";
				INFOPLIST_FILE = "Digital Logic LabsTests/Digital Logic LabsTests-Info.plist";
				PRODUCT_NAME = "$(TARGET_NAME)";
				TEST_HOST = "$(BUNDLE_LOADER)";
				WRAPPER_EXTENSION = octest;
			};
			name = Release;
		};
/* End XCBuildConfiguration section */

/* Begin XCConfigurationList section */
		CFDBF6C716B0C199009C3DA4 /* Build configuration list for PBXProject "Digital Logic Labs" */ = {
			isa = XCConfigurationList;
			buildConfigurations = (
				CFDBF70416B0C19A009C3DA4 /* Debug */,
				CFDBF70516B0C19A009C3DA4 /* Release */,
			);
			defaultConfigurationIsVisible = 0;
			defaultConfigurationName = Release;
		};
		CFDBF70616B0C19A009C3DA4 /* Build configuration list for PBXNativeTarget "Digital Logic Labs" */ = {
			isa = XCConfigurationList;
			buildConfigurations = (
				CFDBF70716B0C19A009C3DA4 /* Debug */,
				CFDBF70816B0C19A009C3DA4 /* Release */,
			);
			defaultConfigurationIsVisible = 0;
			defaultConfigurationName = Release;
		};
		CFDBF70916B0C19A009C3DA4 /* Build configuration list for PBXNativeTarget "Digital Logic LabsTests" */ = {
			isa = XCConfigurationList;
			buildConfigurations = (
				CFDBF70A16B0C19A009C3DA4 /* Debug */,
				CFDBF70B16B0C19A009C3DA4 /* Release */,
			);
			defaultConfigurationIsVisible = 0;
			defaultConfigurationName = Release;
		};
/* End XCConfigurationList section */
	};
	rootObject = CFDBF6C416B0C199009C3DA4 /* Project object */;
}
